// !$*UTF8*$!
{
	archiveVersion = 1;
	classes = {
	};
	objectVersion = 50;
	objects = {

/* Begin PBXBuildFile section */
		07239C2E20B733490016F553 /* Animation.swift in Sources */ = {isa = PBXBuildFile; fileRef = 07239C2320B733490016F553 /* Animation.swift */; };
		07239C2F20B733490016F553 /* Animation.swift in Sources */ = {isa = PBXBuildFile; fileRef = 07239C2320B733490016F553 /* Animation.swift */; };
		07239C3020B733490016F553 /* Animation.swift in Sources */ = {isa = PBXBuildFile; fileRef = 07239C2320B733490016F553 /* Animation.swift */; };
		07239C3120B733490016F553 /* TransitionAnimation.swift in Sources */ = {isa = PBXBuildFile; fileRef = 07239C2420B733490016F553 /* TransitionAnimation.swift */; };
		07239C3220B733490016F553 /* TransitionAnimation.swift in Sources */ = {isa = PBXBuildFile; fileRef = 07239C2420B733490016F553 /* TransitionAnimation.swift */; };
		07239C3320B733490016F553 /* TransitionAnimation.swift in Sources */ = {isa = PBXBuildFile; fileRef = 07239C2420B733490016F553 /* TransitionAnimation.swift */; };
		07239C3420B733490016F553 /* PrimitiveAnimation.swift in Sources */ = {isa = PBXBuildFile; fileRef = 07239C2520B733490016F553 /* PrimitiveAnimation.swift */; };
		07239C3520B733490016F553 /* PrimitiveAnimation.swift in Sources */ = {isa = PBXBuildFile; fileRef = 07239C2520B733490016F553 /* PrimitiveAnimation.swift */; };
		07239C3620B733490016F553 /* PrimitiveAnimation.swift in Sources */ = {isa = PBXBuildFile; fileRef = 07239C2520B733490016F553 /* PrimitiveAnimation.swift */; };
		07239C3720B733490016F553 /* AnyAnimation.swift in Sources */ = {isa = PBXBuildFile; fileRef = 07239C2620B733490016F553 /* AnyAnimation.swift */; };
		07239C3820B733490016F553 /* AnyAnimation.swift in Sources */ = {isa = PBXBuildFile; fileRef = 07239C2620B733490016F553 /* AnyAnimation.swift */; };
		07239C3920B733490016F553 /* AnyAnimation.swift in Sources */ = {isa = PBXBuildFile; fileRef = 07239C2620B733490016F553 /* AnyAnimation.swift */; };
		07239C3A20B733490016F553 /* AnimationGroup.swift in Sources */ = {isa = PBXBuildFile; fileRef = 07239C2720B733490016F553 /* AnimationGroup.swift */; };
		07239C3B20B733490016F553 /* AnimationGroup.swift in Sources */ = {isa = PBXBuildFile; fileRef = 07239C2720B733490016F553 /* AnimationGroup.swift */; };
		07239C3C20B733490016F553 /* AnimationGroup.swift in Sources */ = {isa = PBXBuildFile; fileRef = 07239C2720B733490016F553 /* AnimationGroup.swift */; };
		07239C3D20B733490016F553 /* PropertyAnimation.swift in Sources */ = {isa = PBXBuildFile; fileRef = 07239C2820B733490016F553 /* PropertyAnimation.swift */; };
		07239C3E20B733490016F553 /* PropertyAnimation.swift in Sources */ = {isa = PBXBuildFile; fileRef = 07239C2820B733490016F553 /* PropertyAnimation.swift */; };
		07239C3F20B733490016F553 /* PropertyAnimation.swift in Sources */ = {isa = PBXBuildFile; fileRef = 07239C2820B733490016F553 /* PropertyAnimation.swift */; };
		07239C4020B733490016F553 /* BasicAnimation.swift in Sources */ = {isa = PBXBuildFile; fileRef = 07239C2920B733490016F553 /* BasicAnimation.swift */; };
		07239C4120B733490016F553 /* BasicAnimation.swift in Sources */ = {isa = PBXBuildFile; fileRef = 07239C2920B733490016F553 /* BasicAnimation.swift */; };
		07239C4220B733490016F553 /* BasicAnimation.swift in Sources */ = {isa = PBXBuildFile; fileRef = 07239C2920B733490016F553 /* BasicAnimation.swift */; };
		07239C4320B733490016F553 /* SpringAnimation.swift in Sources */ = {isa = PBXBuildFile; fileRef = 07239C2A20B733490016F553 /* SpringAnimation.swift */; };
		07239C4420B733490016F553 /* SpringAnimation.swift in Sources */ = {isa = PBXBuildFile; fileRef = 07239C2A20B733490016F553 /* SpringAnimation.swift */; };
		07239C4520B733490016F553 /* SpringAnimation.swift in Sources */ = {isa = PBXBuildFile; fileRef = 07239C2A20B733490016F553 /* SpringAnimation.swift */; };
		07239C4620B733490016F553 /* AnimationKeyPaths.swift in Sources */ = {isa = PBXBuildFile; fileRef = 07239C2B20B733490016F553 /* AnimationKeyPaths.swift */; };
		07239C4720B733490016F553 /* AnimationKeyPaths.swift in Sources */ = {isa = PBXBuildFile; fileRef = 07239C2B20B733490016F553 /* AnimationKeyPaths.swift */; };
		07239C4820B733490016F553 /* AnimationKeyPaths.swift in Sources */ = {isa = PBXBuildFile; fileRef = 07239C2B20B733490016F553 /* AnimationKeyPaths.swift */; };
		07239C4920B733490016F553 /* TimingFunction.swift in Sources */ = {isa = PBXBuildFile; fileRef = 07239C2C20B733490016F553 /* TimingFunction.swift */; };
		07239C4A20B733490016F553 /* TimingFunction.swift in Sources */ = {isa = PBXBuildFile; fileRef = 07239C2C20B733490016F553 /* TimingFunction.swift */; };
		07239C4B20B733490016F553 /* TimingFunction.swift in Sources */ = {isa = PBXBuildFile; fileRef = 07239C2C20B733490016F553 /* TimingFunction.swift */; };
		07239C4C20B733490016F553 /* KeyframeAnimation.swift in Sources */ = {isa = PBXBuildFile; fileRef = 07239C2D20B733490016F553 /* KeyframeAnimation.swift */; };
		07239C4D20B733490016F553 /* KeyframeAnimation.swift in Sources */ = {isa = PBXBuildFile; fileRef = 07239C2D20B733490016F553 /* KeyframeAnimation.swift */; };
		07239C4E20B733490016F553 /* KeyframeAnimation.swift in Sources */ = {isa = PBXBuildFile; fileRef = 07239C2D20B733490016F553 /* KeyframeAnimation.swift */; };
		37BD75A220A5D050009219F2 /* TheAnimation.framework in Frameworks */ = {isa = PBXBuildFile; fileRef = 37BD759820A5D050009219F2 /* TheAnimation.framework */; };
		37BD75A720A5D050009219F2 /* TheAnimationTests.swift in Sources */ = {isa = PBXBuildFile; fileRef = 37BD75A620A5D050009219F2 /* TheAnimationTests.swift */; };
		9D00EA3F20E9F30D00D820FE /* TheAnimation.h in Headers */ = {isa = PBXBuildFile; fileRef = 9D00EA3E20E9F30D00D820FE /* TheAnimation.h */; settings = {ATTRIBUTES = (Public, ); }; };
		9D00EA4420E9F31E00D820FE /* TheAnimation.h in Headers */ = {isa = PBXBuildFile; fileRef = 9D00EA3E20E9F30D00D820FE /* TheAnimation.h */; settings = {ATTRIBUTES = (Public, ); }; };
		9D00EA4520E9F31F00D820FE /* TheAnimation.h in Headers */ = {isa = PBXBuildFile; fileRef = 9D00EA3E20E9F30D00D820FE /* TheAnimation.h */; settings = {ATTRIBUTES = (Public, ); }; };
/* End PBXBuildFile section */

/* Begin PBXContainerItemProxy section */
		37BD75A320A5D050009219F2 /* PBXContainerItemProxy */ = {
			isa = PBXContainerItemProxy;
			containerPortal = 37BD758F20A5D050009219F2 /* Project object */;
			proxyType = 1;
			remoteGlobalIDString = 37BD759720A5D050009219F2;
			remoteInfo = TheAnimation;
		};
/* End PBXContainerItemProxy section */

/* Begin PBXFileReference section */
		07239C2320B733490016F553 /* Animation.swift */ = {isa = PBXFileReference; fileEncoding = 4; lastKnownFileType = sourcecode.swift; path = Animation.swift; sourceTree = "<group>"; };
		07239C2420B733490016F553 /* TransitionAnimation.swift */ = {isa = PBXFileReference; fileEncoding = 4; lastKnownFileType = sourcecode.swift; path = TransitionAnimation.swift; sourceTree = "<group>"; };
		07239C2520B733490016F553 /* PrimitiveAnimation.swift */ = {isa = PBXFileReference; fileEncoding = 4; lastKnownFileType = sourcecode.swift; path = PrimitiveAnimation.swift; sourceTree = "<group>"; };
		07239C2620B733490016F553 /* AnyAnimation.swift */ = {isa = PBXFileReference; fileEncoding = 4; lastKnownFileType = sourcecode.swift; path = AnyAnimation.swift; sourceTree = "<group>"; };
		07239C2720B733490016F553 /* AnimationGroup.swift */ = {isa = PBXFileReference; fileEncoding = 4; lastKnownFileType = sourcecode.swift; path = AnimationGroup.swift; sourceTree = "<group>"; };
		07239C2820B733490016F553 /* PropertyAnimation.swift */ = {isa = PBXFileReference; fileEncoding = 4; lastKnownFileType = sourcecode.swift; path = PropertyAnimation.swift; sourceTree = "<group>"; };
		07239C2920B733490016F553 /* BasicAnimation.swift */ = {isa = PBXFileReference; fileEncoding = 4; lastKnownFileType = sourcecode.swift; path = BasicAnimation.swift; sourceTree = "<group>"; };
		07239C2A20B733490016F553 /* SpringAnimation.swift */ = {isa = PBXFileReference; fileEncoding = 4; lastKnownFileType = sourcecode.swift; path = SpringAnimation.swift; sourceTree = "<group>"; };
		07239C2B20B733490016F553 /* AnimationKeyPaths.swift */ = {isa = PBXFileReference; fileEncoding = 4; lastKnownFileType = sourcecode.swift; path = AnimationKeyPaths.swift; sourceTree = "<group>"; };
		07239C2C20B733490016F553 /* TimingFunction.swift */ = {isa = PBXFileReference; fileEncoding = 4; lastKnownFileType = sourcecode.swift; path = TimingFunction.swift; sourceTree = "<group>"; };
		07239C2D20B733490016F553 /* KeyframeAnimation.swift */ = {isa = PBXFileReference; fileEncoding = 4; lastKnownFileType = sourcecode.swift; path = KeyframeAnimation.swift; sourceTree = "<group>"; };
		0746D5C520B5AE6600D21053 /* TheAnimation.framework */ = {isa = PBXFileReference; explicitFileType = wrapper.framework; includeInIndex = 0; path = TheAnimation.framework; sourceTree = BUILT_PRODUCTS_DIR; };
		07EB622220B5D8C600943B5A /* TheAnimation.framework */ = {isa = PBXFileReference; explicitFileType = wrapper.framework; includeInIndex = 0; path = TheAnimation.framework; sourceTree = BUILT_PRODUCTS_DIR; };
		37BD759820A5D050009219F2 /* TheAnimation.framework */ = {isa = PBXFileReference; explicitFileType = wrapper.framework; includeInIndex = 0; path = TheAnimation.framework; sourceTree = BUILT_PRODUCTS_DIR; };
		37BD75A120A5D050009219F2 /* TheAnimationTests.xctest */ = {isa = PBXFileReference; explicitFileType = wrapper.cfbundle; includeInIndex = 0; path = TheAnimationTests.xctest; sourceTree = BUILT_PRODUCTS_DIR; };
		37BD75A620A5D050009219F2 /* TheAnimationTests.swift */ = {isa = PBXFileReference; lastKnownFileType = sourcecode.swift; path = TheAnimationTests.swift; sourceTree = "<group>"; };
		37BD75A820A5D050009219F2 /* Info.plist */ = {isa = PBXFileReference; lastKnownFileType = text.plist.xml; path = Info.plist; sourceTree = "<group>"; };
		9D00EA3E20E9F30D00D820FE /* TheAnimation.h */ = {isa = PBXFileReference; fileEncoding = 4; lastKnownFileType = sourcecode.c.h; name = TheAnimation.h; path = TheAnimation/TheAnimation.h; sourceTree = "<group>"; };
		9D00EA4120E9F31900D820FE /* Info-iOS.plist */ = {isa = PBXFileReference; lastKnownFileType = text.plist.xml; path = "Info-iOS.plist"; sourceTree = "<group>"; };
		9D00EA4220E9F31900D820FE /* Info-tvOS.plist */ = {isa = PBXFileReference; lastKnownFileType = text.plist.xml; path = "Info-tvOS.plist"; sourceTree = "<group>"; };
		9D00EA4320E9F31900D820FE /* Info-macOS.plist */ = {isa = PBXFileReference; lastKnownFileType = text.plist.xml; path = "Info-macOS.plist"; sourceTree = "<group>"; };
/* End PBXFileReference section */

/* Begin PBXFrameworksBuildPhase section */
		0746D5C120B5AE6600D21053 /* Frameworks */ = {
			isa = PBXFrameworksBuildPhase;
			buildActionMask = 2147483647;
			files = (
			);
			runOnlyForDeploymentPostprocessing = 0;
		};
		07EB621E20B5D8C600943B5A /* Frameworks */ = {
			isa = PBXFrameworksBuildPhase;
			buildActionMask = 2147483647;
			files = (
			);
			runOnlyForDeploymentPostprocessing = 0;
		};
		37BD759420A5D050009219F2 /* Frameworks */ = {
			isa = PBXFrameworksBuildPhase;
			buildActionMask = 2147483647;
			files = (
			);
			runOnlyForDeploymentPostprocessing = 0;
		};
		37BD759E20A5D050009219F2 /* Frameworks */ = {
			isa = PBXFrameworksBuildPhase;
			buildActionMask = 2147483647;
			files = (
				37BD75A220A5D050009219F2 /* TheAnimation.framework in Frameworks */,
			);
			runOnlyForDeploymentPostprocessing = 0;
		};
/* End PBXFrameworksBuildPhase section */

/* Begin PBXGroup section */
		07239C2220B733490016F553 /* Source */ = {
			isa = PBXGroup;
			children = (
				07239C2320B733490016F553 /* Animation.swift */,
				07239C2420B733490016F553 /* TransitionAnimation.swift */,
				07239C2520B733490016F553 /* PrimitiveAnimation.swift */,
				07239C2620B733490016F553 /* AnyAnimation.swift */,
				07239C2720B733490016F553 /* AnimationGroup.swift */,
				07239C2820B733490016F553 /* PropertyAnimation.swift */,
				07239C2920B733490016F553 /* BasicAnimation.swift */,
				07239C2A20B733490016F553 /* SpringAnimation.swift */,
				07239C2B20B733490016F553 /* AnimationKeyPaths.swift */,
				07239C2C20B733490016F553 /* TimingFunction.swift */,
				07239C2D20B733490016F553 /* KeyframeAnimation.swift */,
			);
			name = Source;
			path = TheAnimation/Source;
			sourceTree = "<group>";
		};
		37BD758E20A5D050009219F2 = {
			isa = PBXGroup;
			children = (
				9D00EA3E20E9F30D00D820FE /* TheAnimation.h */,
				9D00EA4020E9F31900D820FE /* Resource */,
				07239C2220B733490016F553 /* Source */,
				37BD75A520A5D050009219F2 /* TheAnimationTests */,
				37BD759920A5D050009219F2 /* Products */,
			);
			sourceTree = "<group>";
		};
		37BD759920A5D050009219F2 /* Products */ = {
			isa = PBXGroup;
			children = (
				37BD759820A5D050009219F2 /* TheAnimation.framework */,
				37BD75A120A5D050009219F2 /* TheAnimationTests.xctest */,
				0746D5C520B5AE6600D21053 /* TheAnimation.framework */,
				07EB622220B5D8C600943B5A /* TheAnimation.framework */,
			);
			name = Products;
			sourceTree = "<group>";
		};
		37BD75A520A5D050009219F2 /* TheAnimationTests */ = {
			isa = PBXGroup;
			children = (
				37BD75A620A5D050009219F2 /* TheAnimationTests.swift */,
				37BD75A820A5D050009219F2 /* Info.plist */,
			);
			path = TheAnimationTests;
			sourceTree = "<group>";
		};
		9D00EA4020E9F31900D820FE /* Resource */ = {
			isa = PBXGroup;
			children = (
				9D00EA4120E9F31900D820FE /* Info-iOS.plist */,
				9D00EA4220E9F31900D820FE /* Info-tvOS.plist */,
				9D00EA4320E9F31900D820FE /* Info-macOS.plist */,
			);
			name = Resource;
			path = TheAnimation/Resource;
			sourceTree = "<group>";
		};
/* End PBXGroup section */

/* Begin PBXHeadersBuildPhase section */
		0746D5C220B5AE6600D21053 /* Headers */ = {
			isa = PBXHeadersBuildPhase;
			buildActionMask = 2147483647;
			files = (
				9D00EA4420E9F31E00D820FE /* TheAnimation.h in Headers */,
			);
			runOnlyForDeploymentPostprocessing = 0;
		};
		07EB621F20B5D8C600943B5A /* Headers */ = {
			isa = PBXHeadersBuildPhase;
			buildActionMask = 2147483647;
			files = (
				9D00EA4520E9F31F00D820FE /* TheAnimation.h in Headers */,
			);
			runOnlyForDeploymentPostprocessing = 0;
		};
		37BD759520A5D050009219F2 /* Headers */ = {
			isa = PBXHeadersBuildPhase;
			buildActionMask = 2147483647;
			files = (
				9D00EA3F20E9F30D00D820FE /* TheAnimation.h in Headers */,
			);
			runOnlyForDeploymentPostprocessing = 0;
		};
/* End PBXHeadersBuildPhase section */

/* Begin PBXNativeTarget section */
		0746D5C420B5AE6600D21053 /* TheAnimation-macOS */ = {
			isa = PBXNativeTarget;
			buildConfigurationList = 0746D5CA20B5AE6600D21053 /* Build configuration list for PBXNativeTarget "TheAnimation-macOS" */;
			buildPhases = (
				0746D5C020B5AE6600D21053 /* Sources */,
				0746D5C120B5AE6600D21053 /* Frameworks */,
				0746D5C220B5AE6600D21053 /* Headers */,
				0746D5C320B5AE6600D21053 /* Resources */,
			);
			buildRules = (
			);
			dependencies = (
			);
			name = "TheAnimation-macOS";
			productName = "TheAnimation-macos";
			productReference = 0746D5C520B5AE6600D21053 /* TheAnimation.framework */;
			productType = "com.apple.product-type.framework";
		};
		07EB622120B5D8C600943B5A /* TheAnimation-tvOS */ = {
			isa = PBXNativeTarget;
			buildConfigurationList = 07EB622920B5D8C600943B5A /* Build configuration list for PBXNativeTarget "TheAnimation-tvOS" */;
			buildPhases = (
				07EB621D20B5D8C600943B5A /* Sources */,
				07EB621E20B5D8C600943B5A /* Frameworks */,
				07EB621F20B5D8C600943B5A /* Headers */,
				07EB622020B5D8C600943B5A /* Resources */,
			);
			buildRules = (
			);
			dependencies = (
			);
			name = "TheAnimation-tvOS";
			productName = "TheAnimation-tvOS";
			productReference = 07EB622220B5D8C600943B5A /* TheAnimation.framework */;
			productType = "com.apple.product-type.framework";
		};
		37BD759720A5D050009219F2 /* TheAnimation-iOS */ = {
			isa = PBXNativeTarget;
			buildConfigurationList = 37BD75AC20A5D050009219F2 /* Build configuration list for PBXNativeTarget "TheAnimation-iOS" */;
			buildPhases = (
				37BD759320A5D050009219F2 /* Sources */,
				37BD759420A5D050009219F2 /* Frameworks */,
				37BD759520A5D050009219F2 /* Headers */,
				37BD759620A5D050009219F2 /* Resources */,
			);
			buildRules = (
			);
			dependencies = (
			);
			name = "TheAnimation-iOS";
			productName = TheAnimation;
			productReference = 37BD759820A5D050009219F2 /* TheAnimation.framework */;
			productType = "com.apple.product-type.framework";
		};
		37BD75A020A5D050009219F2 /* TheAnimationTests */ = {
			isa = PBXNativeTarget;
			buildConfigurationList = 37BD75AF20A5D050009219F2 /* Build configuration list for PBXNativeTarget "TheAnimationTests" */;
			buildPhases = (
				37BD759D20A5D050009219F2 /* Sources */,
				37BD759E20A5D050009219F2 /* Frameworks */,
				37BD759F20A5D050009219F2 /* Resources */,
			);
			buildRules = (
			);
			dependencies = (
				37BD75A420A5D050009219F2 /* PBXTargetDependency */,
			);
			name = TheAnimationTests;
			productName = TheAnimationTests;
			productReference = 37BD75A120A5D050009219F2 /* TheAnimationTests.xctest */;
			productType = "com.apple.product-type.bundle.unit-test";
		};
/* End PBXNativeTarget section */

/* Begin PBXProject section */
		37BD758F20A5D050009219F2 /* Project object */ = {
			isa = PBXProject;
			attributes = {
				LastSwiftUpdateCheck = 0930;
				LastUpgradeCheck = 0930;
				ORGANIZATIONNAME = "marty-suzuki";
				TargetAttributes = {
					0746D5C420B5AE6600D21053 = {
						CreatedOnToolsVersion = 9.3.1;
						LastSwiftMigration = 0930;
					};
					07EB622120B5D8C600943B5A = {
						CreatedOnToolsVersion = 9.3.1;
					};
					37BD759720A5D050009219F2 = {
						CreatedOnToolsVersion = 9.3;
						LastSwiftMigration = 0930;
					};
					37BD75A020A5D050009219F2 = {
						CreatedOnToolsVersion = 9.3;
					};
				};
			};
			buildConfigurationList = 37BD759220A5D050009219F2 /* Build configuration list for PBXProject "TheAnimation" */;
			compatibilityVersion = "Xcode 9.3";
			developmentRegion = en;
			hasScannedForEncodings = 0;
			knownRegions = (
				en,
				Base,
			);
			mainGroup = 37BD758E20A5D050009219F2;
			productRefGroup = 37BD759920A5D050009219F2 /* Products */;
			projectDirPath = "";
			projectRoot = "";
			targets = (
				37BD759720A5D050009219F2 /* TheAnimation-iOS */,
				37BD75A020A5D050009219F2 /* TheAnimationTests */,
				0746D5C420B5AE6600D21053 /* TheAnimation-macOS */,
				07EB622120B5D8C600943B5A /* TheAnimation-tvOS */,
			);
		};
/* End PBXProject section */

/* Begin PBXResourcesBuildPhase section */
		0746D5C320B5AE6600D21053 /* Resources */ = {
			isa = PBXResourcesBuildPhase;
			buildActionMask = 2147483647;
			files = (
			);
			runOnlyForDeploymentPostprocessing = 0;
		};
		07EB622020B5D8C600943B5A /* Resources */ = {
			isa = PBXResourcesBuildPhase;
			buildActionMask = 2147483647;
			files = (
			);
			runOnlyForDeploymentPostprocessing = 0;
		};
		37BD759620A5D050009219F2 /* Resources */ = {
			isa = PBXResourcesBuildPhase;
			buildActionMask = 2147483647;
			files = (
			);
			runOnlyForDeploymentPostprocessing = 0;
		};
		37BD759F20A5D050009219F2 /* Resources */ = {
			isa = PBXResourcesBuildPhase;
			buildActionMask = 2147483647;
			files = (
			);
			runOnlyForDeploymentPostprocessing = 0;
		};
/* End PBXResourcesBuildPhase section */

/* Begin PBXSourcesBuildPhase section */
		0746D5C020B5AE6600D21053 /* Sources */ = {
			isa = PBXSourcesBuildPhase;
			buildActionMask = 2147483647;
			files = (
				07239C3520B733490016F553 /* PrimitiveAnimation.swift in Sources */,
				07239C3820B733490016F553 /* AnyAnimation.swift in Sources */,
				07239C4D20B733490016F553 /* KeyframeAnimation.swift in Sources */,
				07239C2F20B733490016F553 /* Animation.swift in Sources */,
				07239C4420B733490016F553 /* SpringAnimation.swift in Sources */,
				07239C3E20B733490016F553 /* PropertyAnimation.swift in Sources */,
				07239C4A20B733490016F553 /* TimingFunction.swift in Sources */,
				07239C3220B733490016F553 /* TransitionAnimation.swift in Sources */,
				07239C3B20B733490016F553 /* AnimationGroup.swift in Sources */,
				07239C4120B733490016F553 /* BasicAnimation.swift in Sources */,
				07239C4720B733490016F553 /* AnimationKeyPaths.swift in Sources */,
			);
			runOnlyForDeploymentPostprocessing = 0;
		};
		07EB621D20B5D8C600943B5A /* Sources */ = {
			isa = PBXSourcesBuildPhase;
			buildActionMask = 2147483647;
			files = (
				07239C3620B733490016F553 /* PrimitiveAnimation.swift in Sources */,
				07239C3920B733490016F553 /* AnyAnimation.swift in Sources */,
				07239C4E20B733490016F553 /* KeyframeAnimation.swift in Sources */,
				07239C3020B733490016F553 /* Animation.swift in Sources */,
				07239C4520B733490016F553 /* SpringAnimation.swift in Sources */,
				07239C3F20B733490016F553 /* PropertyAnimation.swift in Sources */,
				07239C4B20B733490016F553 /* TimingFunction.swift in Sources */,
				07239C3320B733490016F553 /* TransitionAnimation.swift in Sources */,
				07239C3C20B733490016F553 /* AnimationGroup.swift in Sources */,
				07239C4220B733490016F553 /* BasicAnimation.swift in Sources */,
				07239C4820B733490016F553 /* AnimationKeyPaths.swift in Sources */,
			);
			runOnlyForDeploymentPostprocessing = 0;
		};
		37BD759320A5D050009219F2 /* Sources */ = {
			isa = PBXSourcesBuildPhase;
			buildActionMask = 2147483647;
			files = (
				07239C3420B733490016F553 /* PrimitiveAnimation.swift in Sources */,
				07239C3720B733490016F553 /* AnyAnimation.swift in Sources */,
				07239C4C20B733490016F553 /* KeyframeAnimation.swift in Sources */,
				07239C2E20B733490016F553 /* Animation.swift in Sources */,
				07239C4320B733490016F553 /* SpringAnimation.swift in Sources */,
				07239C3D20B733490016F553 /* PropertyAnimation.swift in Sources */,
				07239C4920B733490016F553 /* TimingFunction.swift in Sources */,
				07239C3120B733490016F553 /* TransitionAnimation.swift in Sources */,
				07239C3A20B733490016F553 /* AnimationGroup.swift in Sources */,
				07239C4020B733490016F553 /* BasicAnimation.swift in Sources */,
				07239C4620B733490016F553 /* AnimationKeyPaths.swift in Sources */,
			);
			runOnlyForDeploymentPostprocessing = 0;
		};
		37BD759D20A5D050009219F2 /* Sources */ = {
			isa = PBXSourcesBuildPhase;
			buildActionMask = 2147483647;
			files = (
				37BD75A720A5D050009219F2 /* TheAnimationTests.swift in Sources */,
			);
			runOnlyForDeploymentPostprocessing = 0;
		};
/* End PBXSourcesBuildPhase section */

/* Begin PBXTargetDependency section */
		37BD75A420A5D050009219F2 /* PBXTargetDependency */ = {
			isa = PBXTargetDependency;
			target = 37BD759720A5D050009219F2 /* TheAnimation-iOS */;
			targetProxy = 37BD75A320A5D050009219F2 /* PBXContainerItemProxy */;
		};
/* End PBXTargetDependency section */

/* Begin XCBuildConfiguration section */
		0746D5CB20B5AE6600D21053 /* Debug */ = {
			isa = XCBuildConfiguration;
			buildSettings = {
				CLANG_ENABLE_MODULES = YES;
				CODE_SIGN_IDENTITY = "Mac Developer";
				CODE_SIGN_STYLE = Manual;
				COMBINE_HIDPI_IMAGES = YES;
				DEFINES_MODULE = YES;
				DEVELOPMENT_TEAM = "";
				DYLIB_COMPATIBILITY_VERSION = 1;
				DYLIB_CURRENT_VERSION = 1;
				DYLIB_INSTALL_NAME_BASE = "@rpath";
				FRAMEWORK_VERSION = A;
				INFOPLIST_FILE = "$(SRCROOT)/TheAnimation/Resource/Info-macOS.plist";
				INSTALL_PATH = "$(LOCAL_LIBRARY_DIR)/Frameworks";
				LD_RUNPATH_SEARCH_PATHS = (
					"$(inherited)",
					"@executable_path/../Frameworks",
					"@loader_path/Frameworks",
				);
				MACOSX_DEPLOYMENT_TARGET = 10.11;
				PRODUCT_BUNDLE_IDENTIFIER = "jp.marty-suzuki.TheAnimation";
				PRODUCT_NAME = TheAnimation;
				PROVISIONING_PROFILE_SPECIFIER = "";
				SDKROOT = macosx;
				SKIP_INSTALL = YES;
				SWIFT_OPTIMIZATION_LEVEL = "-Onone";
				SWIFT_VERSION = 4.0;
			};
			name = Debug;
		};
		0746D5CC20B5AE6600D21053 /* Release */ = {
			isa = XCBuildConfiguration;
			buildSettings = {
				CLANG_ENABLE_MODULES = YES;
				CODE_SIGN_IDENTITY = "Mac Developer";
				CODE_SIGN_STYLE = Manual;
				COMBINE_HIDPI_IMAGES = YES;
				DEFINES_MODULE = YES;
				DEVELOPMENT_TEAM = "";
				DYLIB_COMPATIBILITY_VERSION = 1;
				DYLIB_CURRENT_VERSION = 1;
				DYLIB_INSTALL_NAME_BASE = "@rpath";
				FRAMEWORK_VERSION = A;
				INFOPLIST_FILE = "$(SRCROOT)/TheAnimation/Resource/Info-macOS.plist";
				INSTALL_PATH = "$(LOCAL_LIBRARY_DIR)/Frameworks";
				LD_RUNPATH_SEARCH_PATHS = (
					"$(inherited)",
					"@executable_path/../Frameworks",
					"@loader_path/Frameworks",
				);
				MACOSX_DEPLOYMENT_TARGET = 10.11;
				PRODUCT_BUNDLE_IDENTIFIER = "jp.marty-suzuki.TheAnimation";
				PRODUCT_NAME = TheAnimation;
				PROVISIONING_PROFILE_SPECIFIER = "";
				SDKROOT = macosx;
				SKIP_INSTALL = YES;
				SWIFT_VERSION = 4.0;
			};
			name = Release;
		};
		07EB622720B5D8C600943B5A /* Debug */ = {
			isa = XCBuildConfiguration;
			buildSettings = {
				CODE_SIGN_IDENTITY = "";
				CODE_SIGN_STYLE = Automatic;
				DEFINES_MODULE = YES;
				DEVELOPMENT_TEAM = "";
				DYLIB_COMPATIBILITY_VERSION = 1;
				DYLIB_CURRENT_VERSION = 1;
				DYLIB_INSTALL_NAME_BASE = "@rpath";
				INFOPLIST_FILE = "$(SRCROOT)/TheAnimation/Resource/Info-tvOS.plist";
				INSTALL_PATH = "$(LOCAL_LIBRARY_DIR)/Frameworks";
				LD_RUNPATH_SEARCH_PATHS = (
					"$(inherited)",
					"@executable_path/Frameworks",
					"@loader_path/Frameworks",
				);
				PRODUCT_BUNDLE_IDENTIFIER = "es.carlosypunto.TheAnimation-tvOS";
				PRODUCT_NAME = TheAnimation;
				SDKROOT = appletvos;
				SKIP_INSTALL = YES;
				SWIFT_VERSION = 4.0;
				TARGETED_DEVICE_FAMILY = 3;
				TVOS_DEPLOYMENT_TARGET = 9.0;
			};
			name = Debug;
		};
		07EB622820B5D8C600943B5A /* Release */ = {
			isa = XCBuildConfiguration;
			buildSettings = {
				CODE_SIGN_IDENTITY = "";
				CODE_SIGN_STYLE = Automatic;
				DEFINES_MODULE = YES;
				DEVELOPMENT_TEAM = "";
				DYLIB_COMPATIBILITY_VERSION = 1;
				DYLIB_CURRENT_VERSION = 1;
				DYLIB_INSTALL_NAME_BASE = "@rpath";
				INFOPLIST_FILE = "$(SRCROOT)/TheAnimation/Resource/Info-tvOS.plist";
				INSTALL_PATH = "$(LOCAL_LIBRARY_DIR)/Frameworks";
				LD_RUNPATH_SEARCH_PATHS = (
					"$(inherited)",
					"@executable_path/Frameworks",
					"@loader_path/Frameworks",
				);
				PRODUCT_BUNDLE_IDENTIFIER = "es.carlosypunto.TheAnimation-tvOS";
				PRODUCT_NAME = TheAnimation;
				SDKROOT = appletvos;
				SKIP_INSTALL = YES;
				SWIFT_VERSION = 4.0;
				TARGETED_DEVICE_FAMILY = 3;
				TVOS_DEPLOYMENT_TARGET = 9.0;
			};
			name = Release;
		};
		37BD75AA20A5D050009219F2 /* Debug */ = {
			isa = XCBuildConfiguration;
			buildSettings = {
				ALWAYS_SEARCH_USER_PATHS = NO;
				CLANG_ANALYZER_NONNULL = YES;
				CLANG_ANALYZER_NUMBER_OBJECT_CONVERSION = YES_AGGRESSIVE;
				CLANG_CXX_LANGUAGE_STANDARD = "gnu++14";
				CLANG_CXX_LIBRARY = "libc++";
				CLANG_ENABLE_MODULES = YES;
				CLANG_ENABLE_OBJC_ARC = YES;
				CLANG_ENABLE_OBJC_WEAK = YES;
				CLANG_WARN_BLOCK_CAPTURE_AUTORELEASING = YES;
				CLANG_WARN_BOOL_CONVERSION = YES;
				CLANG_WARN_COMMA = YES;
				CLANG_WARN_CONSTANT_CONVERSION = YES;
				CLANG_WARN_DEPRECATED_OBJC_IMPLEMENTATIONS = YES;
				CLANG_WARN_DIRECT_OBJC_ISA_USAGE = YES_ERROR;
				CLANG_WARN_DOCUMENTATION_COMMENTS = YES;
				CLANG_WARN_EMPTY_BODY = YES;
				CLANG_WARN_ENUM_CONVERSION = YES;
				CLANG_WARN_INFINITE_RECURSION = YES;
				CLANG_WARN_INT_CONVERSION = YES;
				CLANG_WARN_NON_LITERAL_NULL_CONVERSION = YES;
				CLANG_WARN_OBJC_IMPLICIT_RETAIN_SELF = YES;
				CLANG_WARN_OBJC_LITERAL_CONVERSION = YES;
				CLANG_WARN_OBJC_ROOT_CLASS = YES_ERROR;
				CLANG_WARN_RANGE_LOOP_ANALYSIS = YES;
				CLANG_WARN_STRICT_PROTOTYPES = YES;
				CLANG_WARN_SUSPICIOUS_MOVE = YES;
				CLANG_WARN_UNGUARDED_AVAILABILITY = YES_AGGRESSIVE;
				CLANG_WARN_UNREACHABLE_CODE = YES;
				CLANG_WARN__DUPLICATE_METHOD_MATCH = YES;
				CODE_SIGN_IDENTITY = "iPhone Developer";
				COPY_PHASE_STRIP = NO;
				CURRENT_PROJECT_VERSION = 1;
				DEBUG_INFORMATION_FORMAT = dwarf;
				ENABLE_STRICT_OBJC_MSGSEND = YES;
				ENABLE_TESTABILITY = YES;
				GCC_C_LANGUAGE_STANDARD = gnu11;
				GCC_DYNAMIC_NO_PIC = NO;
				GCC_NO_COMMON_BLOCKS = YES;
				GCC_OPTIMIZATION_LEVEL = 0;
				GCC_PREPROCESSOR_DEFINITIONS = (
					"DEBUG=1",
					"$(inherited)",
				);
				GCC_WARN_64_TO_32_BIT_CONVERSION = YES;
				GCC_WARN_ABOUT_RETURN_TYPE = YES_ERROR;
				GCC_WARN_UNDECLARED_SELECTOR = YES;
				GCC_WARN_UNINITIALIZED_AUTOS = YES_AGGRESSIVE;
				GCC_WARN_UNUSED_FUNCTION = YES;
				GCC_WARN_UNUSED_VARIABLE = YES;
				IPHONEOS_DEPLOYMENT_TARGET = 11.3;
				MTL_ENABLE_DEBUG_INFO = YES;
				ONLY_ACTIVE_ARCH = YES;
				SDKROOT = iphoneos;
				SWIFT_ACTIVE_COMPILATION_CONDITIONS = DEBUG;
				SWIFT_OPTIMIZATION_LEVEL = "-Onone";
				VERSIONING_SYSTEM = "apple-generic";
				VERSION_INFO_PREFIX = "";
			};
			name = Debug;
		};
		37BD75AB20A5D050009219F2 /* Release */ = {
			isa = XCBuildConfiguration;
			buildSettings = {
				ALWAYS_SEARCH_USER_PATHS = NO;
				CLANG_ANALYZER_NONNULL = YES;
				CLANG_ANALYZER_NUMBER_OBJECT_CONVERSION = YES_AGGRESSIVE;
				CLANG_CXX_LANGUAGE_STANDARD = "gnu++14";
				CLANG_CXX_LIBRARY = "libc++";
				CLANG_ENABLE_MODULES = YES;
				CLANG_ENABLE_OBJC_ARC = YES;
				CLANG_ENABLE_OBJC_WEAK = YES;
				CLANG_WARN_BLOCK_CAPTURE_AUTORELEASING = YES;
				CLANG_WARN_BOOL_CONVERSION = YES;
				CLANG_WARN_COMMA = YES;
				CLANG_WARN_CONSTANT_CONVERSION = YES;
				CLANG_WARN_DEPRECATED_OBJC_IMPLEMENTATIONS = YES;
				CLANG_WARN_DIRECT_OBJC_ISA_USAGE = YES_ERROR;
				CLANG_WARN_DOCUMENTATION_COMMENTS = YES;
				CLANG_WARN_EMPTY_BODY = YES;
				CLANG_WARN_ENUM_CONVERSION = YES;
				CLANG_WARN_INFINITE_RECURSION = YES;
				CLANG_WARN_INT_CONVERSION = YES;
				CLANG_WARN_NON_LITERAL_NULL_CONVERSION = YES;
				CLANG_WARN_OBJC_IMPLICIT_RETAIN_SELF = YES;
				CLANG_WARN_OBJC_LITERAL_CONVERSION = YES;
				CLANG_WARN_OBJC_ROOT_CLASS = YES_ERROR;
				CLANG_WARN_RANGE_LOOP_ANALYSIS = YES;
				CLANG_WARN_STRICT_PROTOTYPES = YES;
				CLANG_WARN_SUSPICIOUS_MOVE = YES;
				CLANG_WARN_UNGUARDED_AVAILABILITY = YES_AGGRESSIVE;
				CLANG_WARN_UNREACHABLE_CODE = YES;
				CLANG_WARN__DUPLICATE_METHOD_MATCH = YES;
				CODE_SIGN_IDENTITY = "iPhone Developer";
				COPY_PHASE_STRIP = NO;
				CURRENT_PROJECT_VERSION = 1;
				DEBUG_INFORMATION_FORMAT = "dwarf-with-dsym";
				ENABLE_NS_ASSERTIONS = NO;
				ENABLE_STRICT_OBJC_MSGSEND = YES;
				GCC_C_LANGUAGE_STANDARD = gnu11;
				GCC_NO_COMMON_BLOCKS = YES;
				GCC_WARN_64_TO_32_BIT_CONVERSION = YES;
				GCC_WARN_ABOUT_RETURN_TYPE = YES_ERROR;
				GCC_WARN_UNDECLARED_SELECTOR = YES;
				GCC_WARN_UNINITIALIZED_AUTOS = YES_AGGRESSIVE;
				GCC_WARN_UNUSED_FUNCTION = YES;
				GCC_WARN_UNUSED_VARIABLE = YES;
				IPHONEOS_DEPLOYMENT_TARGET = 11.3;
				MTL_ENABLE_DEBUG_INFO = NO;
				SDKROOT = iphoneos;
				SWIFT_COMPILATION_MODE = wholemodule;
				SWIFT_OPTIMIZATION_LEVEL = "-O";
				VALIDATE_PRODUCT = YES;
				VERSIONING_SYSTEM = "apple-generic";
				VERSION_INFO_PREFIX = "";
			};
			name = Release;
		};
		37BD75AD20A5D050009219F2 /* Debug */ = {
			isa = XCBuildConfiguration;
			buildSettings = {
				CLANG_ENABLE_MODULES = YES;
				CODE_SIGN_IDENTITY = "";
				CODE_SIGN_STYLE = Manual;
				DEFINES_MODULE = YES;
				DEVELOPMENT_TEAM = "";
				DYLIB_COMPATIBILITY_VERSION = 1;
				DYLIB_CURRENT_VERSION = 1;
				DYLIB_INSTALL_NAME_BASE = "@rpath";
				INFOPLIST_FILE = "$(SRCROOT)/TheAnimation/Resource/Info-iOS.plist";
				INSTALL_PATH = "$(LOCAL_LIBRARY_DIR)/Frameworks";
				IPHONEOS_DEPLOYMENT_TARGET = 9.0;
				LD_RUNPATH_SEARCH_PATHS = (
					"$(inherited)",
					"@executable_path/Frameworks",
					"@loader_path/Frameworks",
				);
				PRODUCT_BUNDLE_IDENTIFIER = "jp.marty-suzuki.TheAnimation";
				PRODUCT_NAME = TheAnimation;
				PROVISIONING_PROFILE_SPECIFIER = "";
				SKIP_INSTALL = YES;
				SWIFT_OPTIMIZATION_LEVEL = "-Onone";
				SWIFT_VERSION = 4.0;
				TARGETED_DEVICE_FAMILY = "1,2";
			};
			name = Debug;
		};
		37BD75AE20A5D050009219F2 /* Release */ = {
			isa = XCBuildConfiguration;
			buildSettings = {
				CLANG_ENABLE_MODULES = YES;
				CODE_SIGN_IDENTITY = "";
				CODE_SIGN_STYLE = Manual;
				DEFINES_MODULE = YES;
				DEVELOPMENT_TEAM = "";
				DYLIB_COMPATIBILITY_VERSION = 1;
				DYLIB_CURRENT_VERSION = 1;
				DYLIB_INSTALL_NAME_BASE = "@rpath";
				INFOPLIST_FILE = "$(SRCROOT)/TheAnimation/Resource/Info-iOS.plist";
				INSTALL_PATH = "$(LOCAL_LIBRARY_DIR)/Frameworks";
				IPHONEOS_DEPLOYMENT_TARGET = 9.0;
				LD_RUNPATH_SEARCH_PATHS = (
					"$(inherited)",
					"@executable_path/Frameworks",
					"@loader_path/Frameworks",
				);
				PRODUCT_BUNDLE_IDENTIFIER = "jp.marty-suzuki.TheAnimation";
				PRODUCT_NAME = TheAnimation;
				PROVISIONING_PROFILE_SPECIFIER = "";
				SKIP_INSTALL = YES;
				SWIFT_VERSION = 4.0;
				TARGETED_DEVICE_FAMILY = "1,2";
			};
			name = Release;
		};
		37BD75B020A5D050009219F2 /* Debug */ = {
			isa = XCBuildConfiguration;
			buildSettings = {
				ALWAYS_EMBED_SWIFT_STANDARD_LIBRARIES = YES;
				CODE_SIGN_STYLE = Manual;
				DEVELOPMENT_TEAM = "";
				INFOPLIST_FILE = TheAnimationTests/Info.plist;
				LD_RUNPATH_SEARCH_PATHS = (
					"$(inherited)",
					"@executable_path/Frameworks",
					"@loader_path/Frameworks",
				);
				PRODUCT_BUNDLE_IDENTIFIER = "jp.marty-suzuki.TheAnimationTests";
				PRODUCT_NAME = "$(TARGET_NAME)";
				PROVISIONING_PROFILE_SPECIFIER = "";
				SWIFT_VERSION = 4.0;
				TARGETED_DEVICE_FAMILY = "1,2";
			};
			name = Debug;
		};
		37BD75B120A5D050009219F2 /* Release */ = {
			isa = XCBuildConfiguration;
			buildSettings = {
				ALWAYS_EMBED_SWIFT_STANDARD_LIBRARIES = YES;
				CODE_SIGN_STYLE = Manual;
				DEVELOPMENT_TEAM = "";
				INFOPLIST_FILE = TheAnimationTests/Info.plist;
				LD_RUNPATH_SEARCH_PATHS = (
					"$(inherited)",
					"@executable_path/Frameworks",
					"@loader_path/Frameworks",
				);
				PRODUCT_BUNDLE_IDENTIFIER = "jp.marty-suzuki.TheAnimationTests";
				PRODUCT_NAME = "$(TARGET_NAME)";
				PROVISIONING_PROFILE_SPECIFIER = "";
				SWIFT_VERSION = 4.0;
				TARGETED_DEVICE_FAMILY = "1,2";
			};
			name = Release;
		};
/* End XCBuildConfiguration section */

/* Begin XCConfigurationList section */
		0746D5CA20B5AE6600D21053 /* Build configuration list for PBXNativeTarget "TheAnimation-macOS" */ = {
			isa = XCConfigurationList;
			buildConfigurations = (
				0746D5CB20B5AE6600D21053 /* Debug */,
				0746D5CC20B5AE6600D21053 /* Release */,
			);
			defaultConfigurationIsVisible = 0;
			defaultConfigurationName = Release;
		};
		07EB622920B5D8C600943B5A /* Build configuration list for PBXNativeTarget "TheAnimation-tvOS" */ = {
			isa = XCConfigurationList;
			buildConfigurations = (
				07EB622720B5D8C600943B5A /* Debug */,
				07EB622820B5D8C600943B5A /* Release */,
			);
			defaultConfigurationIsVisible = 0;
			defaultConfigurationName = Release;
		};
		37BD759220A5D050009219F2 /* Build configuration list for PBXProject "TheAnimation" */ = {
			isa = XCConfigurationList;
			buildConfigurations = (
				37BD75AA20A5D050009219F2 /* Debug */,
				37BD75AB20A5D050009219F2 /* Release */,
			);
			defaultConfigurationIsVisible = 0;
			defaultConfigurationName = Release;
		};
		37BD75AC20A5D050009219F2 /* Build configuration list for PBXNativeTarget "TheAnimation-iOS" */ = {
			isa = XCConfigurationList;
			buildConfigurations = (
				37BD75AD20A5D050009219F2 /* Debug */,
				37BD75AE20A5D050009219F2 /* Release */,
			);
			defaultConfigurationIsVisible = 0;
			defaultConfigurationName = Release;
		};
		37BD75AF20A5D050009219F2 /* Build configuration list for PBXNativeTarget "TheAnimationTests" */ = {
			isa = XCConfigurationList;
			buildConfigurations = (
				37BD75B020A5D050009219F2 /* Debug */,
				37BD75B120A5D050009219F2 /* Release */,
			);
			defaultConfigurationIsVisible = 0;
			defaultConfigurationName = Release;
		};
/* End XCConfigurationList section */
	};
	rootObject = 37BD758F20A5D050009219F2 /* Project object */;
}
